
Microsoft Visual Studio Solution File, Format Version 12.00
# Visual Studio 15
VisualStudioVersion = 15.0.28010.2041
MinimumVisualStudioVersion = 10.0.40219.1
Project("{9A19103F-16F7-4668-BE54-9A1E7A4F7556}") = "CoreSample", "CoreSample\CoreSample.csproj", "{88D1EE72-86C0-42DF-B253-229D846D2EDF}"
EndProject
Project("{9A19103F-16F7-4668-BE54-9A1E7A4F7556}") = "CoreSample.Tests", "CoreSample.Tests\CoreSample.Tests.csproj", "{C3093DCF-B1D0-4643-933D-A73706A5FE1C}"
EndProject
Project("{9A19103F-16F7-4668-BE54-9A1E7A4F7556}") = "CoreSample.CsDataCollector", "CoreSample.CsDataCollector\CoreSample.CsDataCollector.csproj", "{A445EDE2-36E7-4026-A13B-E8A57A41F80E}"
EndProject
Project("{FAE04EC0-301F-11D3-BF4B-00C04F79EFBC}") = "CoreSample.XUnitTests", "CoreSample.XUnitTests\CoreSample.XUnitTests.csproj", "{80BDCDE1-2B93-459F-B303-C36AAA465018}"
EndProject
Global
	GlobalSection(SolutionConfigurationPlatforms) = preSolution
		Debug|Any CPU = Debug|Any CPU
		Release|Any CPU = Release|Any CPU
	EndGlobalSection
	GlobalSection(ProjectConfigurationPlatforms) = postSolution
		{88D1EE72-86C0-42DF-B253-229D846D2EDF}.Debug|Any CPU.ActiveCfg = Debug|Any CPU
		{88D1EE72-86C0-42DF-B253-229D846D2EDF}.Debug|Any CPU.Build.0 = Debug|Any CPU
		{88D1EE72-86C0-42DF-B253-229D846D2EDF}.Release|Any CPU.ActiveCfg = Release|Any CPU
		{88D1EE72-86C0-42DF-B253-229D846D2EDF}.Release|Any CPU.Build.0 = Release|Any CPU
		{C3093DCF-B1D0-4643-933D-A73706A5FE1C}.Debug|Any CPU.ActiveCfg = Debug|Any CPU
		{C3093DCF-B1D0-4643-933D-A73706A5FE1C}.Debug|Any CPU.Build.0 = Debug|Any CPU
		{C3093DCF-B1D0-4643-933D-A73706A5FE1C}.Release|Any CPU.ActiveCfg = Release|Any CPU
		{C3093DCF-B1D0-4643-933D-A73706A5FE1C}.Release|Any CPU.Build.0 = Release|Any CPU
		{A445EDE2-36E7-4026-A13B-E8A57A41F80E}.Debug|Any CPU.ActiveCfg = Debug|Any CPU
		{A445EDE2-36E7-4026-A13B-E8A57A41F80E}.Debug|Any CPU.Build.0 = Debug|Any CPU
		{A445EDE2-36E7-4026-A13B-E8A57A41F80E}.Release|Any CPU.ActiveCfg = Release|Any CPU
		{A445EDE2-36E7-4026-A13B-E8A57A41F80E}.Release|Any CPU.Build.0 = Release|Any CPU
		{80BDCDE1-2B93-459F-B303-C36AAA465018}.Debug|Any CPU.ActiveCfg = Debug|Any CPU
		{80BDCDE1-2B93-459F-B303-C36AAA465018}.Debug|Any CPU.Build.0 = Debug|Any CPU
		{80BDCDE1-2B93-459F-B303-C36AAA465018}.Release|Any CPU.ActiveCfg = Release|Any CPU
		{80BDCDE1-2B93-459F-B303-C36AAA465018}.Release|Any CPU.Build.0 = Release|Any CPU
	EndGlobalSection
	GlobalSection(SolutionProperties) = preSolution
		HideSolutionNode = FALSE
	EndGlobalSection
	GlobalSection(ExtensibilityGlobals) = postSolution
		SolutionGuid = {B88B9B51-6BC3-4959-89F9-B3FFB662D37C}
	EndGlobalSection
EndGlobal
