
Microsoft Visual Studio Solution File, Format Version 12.00
# Visual Studio 15
VisualStudioVersion = 15.0.28010.2041
MinimumVisualStudioVersion = 10.0.40219.1
Project("{FAE04EC0-301F-11D3-BF4B-00C04F79EFBC}") = "CoreSample", "CoreSample\CoreSample.csproj", "{88D1EE72-86C0-42DF-B253-229D846D2EDF}"
EndProject
Global
	GlobalSection(SolutionConfigurationPlatforms) = preSolution
		Debug|Any CPU = Debug|Any CPU
		Release|Any CPU = Release|Any CPU
	EndGlobalSection
	GlobalSection(ProjectConfigurationPlatforms) = postSolution
		{88D1EE72-86C0-42DF-B253-229D846D2EDF}.Debug|Any CPU.ActiveCfg = Debug|Any CPU
		{88D1EE72-86C0-42DF-B253-229D846D2EDF}.Debug|Any CPU.Build.0 = Debug|Any CPU
		{88D1EE72-86C0-42DF-B253-229D846D2EDF}.Release|Any CPU.ActiveCfg = Release|Any CPU
		{88D1EE72-86C0-42DF-B253-229D846D2EDF}.Release|Any CPU.Build.0 = Release|Any CPU
	EndGlobalSection
	GlobalSection(SolutionProperties) = preSolution
		HideSolutionNode = FALSE
	EndGlobalSection
	GlobalSection(ExtensibilityGlobals) = postSolution
		SolutionGuid = {B88B9B51-6BC3-4959-89F9-B3FFB662D37C}
	EndGlobalSection
EndGlobal
